{
  "object": {
    "pins": [
      {
        "package": "swift-argument-parser",
        "repositoryURL": "https://github.com/apple/swift-argument-parser",
        "state": {
          "branch": null,
          "revision": "41982a3656a71c768319979febd796c6fd111d5c",
          "version": "1.5.0"
        }
      },
      {
        "package": "cmark-gfm",
        "repositoryURL": "https://github.com/apple/swift-cmark.git",
        "state": {
          "branch": null,
          "revision": "3ccff77b2dc5b96b77db3da0d68d28068593fa53",
          "version": "0.5.0"
        }
      },
      {
        "package": "swift-format",
        "repositoryURL": "https://github.com/apple/swift-format.git",
        "state": {
          "branch": null,
          "revision": "65f9da9aad84adb7e2028eb32ca95164aa590e3b",
          "version": "600.0.0"
        }
      },
      {
        "package": "swift-markdown",
        "repositoryURL": "https://github.com/apple/swift-markdown.git",
        "state": {
          "branch": null,
          "revision": "8f79cb175981458a0a27e76cb42fee8e17b1a993",
          "version": "0.5.0"
        }
      },
      {
        "package": "swift-syntax",
        "repositoryURL": "https://github.com/swiftlang/swift-syntax.git",
        "state": {
          "branch": null,
          "revision": "0687f71944021d616d34d922343dcef086855920",
          "version": "600.0.1"
        }
      }
    ]
  },
  "version": 1
}
